
Microsoft Visual Studio Solution File, Format Version 12.00
# Visual Studio Version 16
VisualStudioVersion = 25.0.1705.4
MinimumVisualStudioVersion = 10.0.40219.1
Project("{FAE04EC0-301F-11D3-BF4B-00C04F79EFBC}") = "DeliVeggie.GateWay", "DeliVeggie.GateWay\DeliVeggie.GateWay.csproj", "{C43DEAEC-725C-45DE-8B48-45D6E4E17057}"
EndProject
Project("{2150E333-8FDC-42A3-9474-1A3956D46DE8}") = "GateWay", "GateWay", "{34F1A21B-B02E-4CA8-8FEE-18C3C7AE8F3C}"
EndProject
Project("{2150E333-8FDC-42A3-9474-1A3956D46DE8}") = "Infrastructure", "Infrastructure", "{7BE52F0D-3A6F-412F-A303-846D0A2F3AF3}"
	ProjectSection(SolutionItems) = preProject
		docker-compose.yml = docker-compose.yml
	EndProjectSection
EndProject
Project("{2150E333-8FDC-42A3-9474-1A3956D46DE8}") = "MongoDb", "MongoDb", "{F59582ED-D8DF-4FA7-ABCF-D9601DE238AE}"
EndProject
Project("{FAE04EC0-301F-11D3-BF4B-00C04F79EFBC}") = "DeliVeggie.Persistance.MongoDb", "DeliVeggie.Persistance.MongoDb\DeliVeggie.Persistance.MongoDb.csproj", "{5247CBAC-5FA2-4F9A-87A5-CC049235EC2F}"
EndProject
Project("{2150E333-8FDC-42A3-9474-1A3956D46DE8}") = "Shared", "Shared", "{48732203-DF69-4BC7-9594-113BDD1EDC19}"
EndProject
Project("{2150E333-8FDC-42A3-9474-1A3956D46DE8}") = "MicroService", "MicroService", "{B7F89CEC-5ECF-43DF-B8BA-B40310767BB3}"
EndProject
Project("{FAE04EC0-301F-11D3-BF4B-00C04F79EFBC}") = "DeliVeggie.Shared", "DeliVeggie.Shared\DeliVeggie.Shared.csproj", "{303F958D-5366-48C7-A82E-A1C4FA0F77E1}"
EndProject
Project("{FAE04EC0-301F-11D3-BF4B-00C04F79EFBC}") = "DeliVeggie.MicroService", "DeliVeggie.MicroService\DeliVeggie.MicroService.csproj", "{8F8880F6-F677-45A8-84E3-E825B11F0326}"
EndProject
Project("{FAE04EC0-301F-11D3-BF4B-00C04F79EFBC}") = "DeliVeggie.MicroService.Tests", "DeliVeggie.MicroService.Tests\DeliVeggie.MicroService.Tests.csproj", "{D10C6E90-8505-4DD7-AD28-FE03FC874400}"
EndProject
Global
	GlobalSection(SolutionConfigurationPlatforms) = preSolution
		Debug|Any CPU = Debug|Any CPU
		Release|Any CPU = Release|Any CPU
	EndGlobalSection
	GlobalSection(ProjectConfigurationPlatforms) = postSolution
		{C43DEAEC-725C-45DE-8B48-45D6E4E17057}.Debug|Any CPU.ActiveCfg = Debug|Any CPU
		{C43DEAEC-725C-45DE-8B48-45D6E4E17057}.Debug|Any CPU.Build.0 = Debug|Any CPU
		{C43DEAEC-725C-45DE-8B48-45D6E4E17057}.Release|Any CPU.ActiveCfg = Release|Any CPU
		{C43DEAEC-725C-45DE-8B48-45D6E4E17057}.Release|Any CPU.Build.0 = Release|Any CPU
		{5247CBAC-5FA2-4F9A-87A5-CC049235EC2F}.Debug|Any CPU.ActiveCfg = Debug|Any CPU
		{5247CBAC-5FA2-4F9A-87A5-CC049235EC2F}.Debug|Any CPU.Build.0 = Debug|Any CPU
		{5247CBAC-5FA2-4F9A-87A5-CC049235EC2F}.Release|Any CPU.ActiveCfg = Release|Any CPU
		{5247CBAC-5FA2-4F9A-87A5-CC049235EC2F}.Release|Any CPU.Build.0 = Release|Any CPU
		{303F958D-5366-48C7-A82E-A1C4FA0F77E1}.Debug|Any CPU.ActiveCfg = Debug|Any CPU
		{303F958D-5366-48C7-A82E-A1C4FA0F77E1}.Debug|Any CPU.Build.0 = Debug|Any CPU
		{303F958D-5366-48C7-A82E-A1C4FA0F77E1}.Release|Any CPU.ActiveCfg = Release|Any CPU
		{303F958D-5366-48C7-A82E-A1C4FA0F77E1}.Release|Any CPU.Build.0 = Release|Any CPU
		{8F8880F6-F677-45A8-84E3-E825B11F0326}.Debug|Any CPU.ActiveCfg = Debug|Any CPU
		{8F8880F6-F677-45A8-84E3-E825B11F0326}.Debug|Any CPU.Build.0 = Debug|Any CPU
		{8F8880F6-F677-45A8-84E3-E825B11F0326}.Release|Any CPU.ActiveCfg = Release|Any CPU
		{8F8880F6-F677-45A8-84E3-E825B11F0326}.Release|Any CPU.Build.0 = Release|Any CPU
		{D10C6E90-8505-4DD7-AD28-FE03FC874400}.Debug|Any CPU.ActiveCfg = Debug|Any CPU
		{D10C6E90-8505-4DD7-AD28-FE03FC874400}.Debug|Any CPU.Build.0 = Debug|Any CPU
		{D10C6E90-8505-4DD7-AD28-FE03FC874400}.Release|Any CPU.ActiveCfg = Release|Any CPU
		{D10C6E90-8505-4DD7-AD28-FE03FC874400}.Release|Any CPU.Build.0 = Release|Any CPU
	EndGlobalSection
	GlobalSection(SolutionProperties) = preSolution
		HideSolutionNode = FALSE
	EndGlobalSection
	GlobalSection(ExtensibilityGlobals) = postSolution
		SolutionGuid = {E8F8F9CB-D168-4AC5-9BFC-37DBA8D655E6}
	EndGlobalSection
	GlobalSection(NestedProjects) = preSolution
		{C43DEAEC-725C-45DE-8B48-45D6E4E17057} = {34F1A21B-B02E-4CA8-8FEE-18C3C7AE8F3C}
		{5247CBAC-5FA2-4F9A-87A5-CC049235EC2F} = {F59582ED-D8DF-4FA7-ABCF-D9601DE238AE}
		{303F958D-5366-48C7-A82E-A1C4FA0F77E1} = {48732203-DF69-4BC7-9594-113BDD1EDC19}
		{8F8880F6-F677-45A8-84E3-E825B11F0326} = {B7F89CEC-5ECF-43DF-B8BA-B40310767BB3}
		{D10C6E90-8505-4DD7-AD28-FE03FC874400} = {B7F89CEC-5ECF-43DF-B8BA-B40310767BB3}
	EndGlobalSection
EndGlobal
